
Microsoft Visual Studio Solution File, Format Version 12.00
# Visual Studio 2012
Project("{FAE04EC0-301F-11D3-BF4B-00C04F79EFBC}") = "Euro2016Wallpapers", "Euro2016Wallpapers\Euro2016Wallpapers.csproj", "{CE263980-FC71-4072-B965-5E1C6BD6B5B8}"
EndProject
Global
	GlobalSection(SolutionConfigurationPlatforms) = preSolution
		Debug|Any CPU = Debug|Any CPU
		Release|Any CPU = Release|Any CPU
	EndGlobalSection
	GlobalSection(ProjectConfigurationPlatforms) = postSolution
		{CE263980-FC71-4072-B965-5E1C6BD6B5B8}.Debug|Any CPU.ActiveCfg = Debug|Any CPU
		{CE263980-FC71-4072-B965-5E1C6BD6B5B8}.Debug|Any CPU.Build.0 = Debug|Any CPU
		{CE263980-FC71-4072-B965-5E1C6BD6B5B8}.Release|Any CPU.ActiveCfg = Release|Any CPU
		{CE263980-FC71-4072-B965-5E1C6BD6B5B8}.Release|Any CPU.Build.0 = Release|Any CPU
	EndGlobalSection
EndGlobal
